
Microsoft Visual Studio Solution File, Format Version 12.00
# Visual Studio Version 16
VisualStudioVersion = 16.0.29201.188
MinimumVisualStudioVersion = 10.0.40219.1
Project("{FAE04EC0-301F-11D3-BF4B-00C04F79EFBC}") = "PollyForRetryMechanism", "PollyForRetryMechanism\PollyForRetryMechanism.csproj", "{953945A8-A51F-4067-B55F-4B48EA68D50F}"
EndProject
Global
	GlobalSection(SolutionConfigurationPlatforms) = preSolution
		Debug|Any CPU = Debug|Any CPU
		Release|Any CPU = Release|Any CPU
	EndGlobalSection
	GlobalSection(ProjectConfigurationPlatforms) = postSolution
		{953945A8-A51F-4067-B55F-4B48EA68D50F}.Debug|Any CPU.ActiveCfg = Debug|Any CPU
		{953945A8-A51F-4067-B55F-4B48EA68D50F}.Debug|Any CPU.Build.0 = Debug|Any CPU
		{953945A8-A51F-4067-B55F-4B48EA68D50F}.Release|Any CPU.ActiveCfg = Release|Any CPU
		{953945A8-A51F-4067-B55F-4B48EA68D50F}.Release|Any CPU.Build.0 = Release|Any CPU
	EndGlobalSection
	GlobalSection(SolutionProperties) = preSolution
		HideSolutionNode = FALSE
	EndGlobalSection
	GlobalSection(ExtensibilityGlobals) = postSolution
		SolutionGuid = {A361AEE1-7902-4A2B-89A1-59D6ABBC6BCF}
	EndGlobalSection
EndGlobal
